{
  "nodes": {
    "advisory-db": {
      "flake": false,
      "locked": {
        "lastModified": 1721582928,
        "narHash": "sha256-nlnB4V0pFo+hAZpyAixAOYWxhVNFyDHGazXnz7PhrEk=",
        "owner": "rustsec",
        "repo": "advisory-db",
        "rev": "c0b44f487d8d67d1c6cd369917eb684eff918b64",
        "type": "github"
      },
      "original": {
        "owner": "rustsec",
        "repo": "advisory-db",
        "type": "github"
      }
    },
    "crane": {
      "inputs": {
        "nixpkgs": [
          "nixpkgs"
        ]
      },
      "locked": {
        "lastModified": 1721699339,
        "narHash": "sha256-UqtSwU13vpzzM6w8tGghEbA7ObM3NCDzSpz19QQo9XE=",
        "owner": "ipetkov",
        "repo": "crane",
        "rev": "0081e9c447f3b70822c142908f08ceeb436982b8",
        "type": "github"
      },
      "original": {
        "owner": "ipetkov",
        "repo": "crane",
        "type": "github"
      }
    },
    "fenix": {
      "inputs": {
        "nixpkgs": [
          "nixpkgs"
        ],
        "rust-analyzer-src": []
      },
      "locked": {
        "lastModified": 1721629802,
        "narHash": "sha256-GKlvM9M0mkKJrL6N1eMG4DrROO25Ds1apFw3/b8594w=",
        "owner": "nix-community",
        "repo": "fenix",
        "rev": "1270fb024c6987dd825a20cd27319384a8d8569e",
        "type": "github"
      },
      "original": {
        "owner": "nix-community",
        "repo": "fenix",
        "type": "github"
      }
    },
    "flake-utils": {
      "inputs": {
        "systems": "systems"
      },
      "locked": {
        "lastModified": 1710146030,
        "narHash": "sha256-SZ5L6eA7HJ/nmkzGG7/ISclqe6oZdOZTNoesiInkXPQ=",
        "owner": "numtide",
        "repo": "flake-utils",
        "rev": "b1d9ab70662946ef0850d488da1c9019f3a9752a",
        "type": "github"
      },
      "original": {
        "owner": "numtide",
        "repo": "flake-utils",
        "type": "github"
      }
    },
    "nixpkgs": {
      "locked": {
        "lastModified": 1721622093,
        "narHash": "sha256-iQ+quy3A1EKeFyLyAtjhgSvZHH7r+xybXZkxMhasN4I=",
        "owner": "NixOS",
        "repo": "nixpkgs",
        "rev": "453402b94f39f968a7c27df28e060f69e4a50c3b",
        "type": "github"
      },
      "original": {
        "owner": "NixOS",
        "ref": "nixpkgs-unstable",
        "repo": "nixpkgs",
        "type": "github"
      }
    },
    "root": {
      "inputs": {
        "advisory-db": "advisory-db",
        "crane": "crane",
        "fenix": "fenix",
        "flake-utils": "flake-utils",
        "nixpkgs": "nixpkgs",
        "versatus-nix": "versatus-nix"
      }
    },
    "systems": {
      "locked": {
        "lastModified": 1681028828,
        "narHash": "sha256-Vy1rq5AaRuLzOxct8nz4T6wlgyUR7zLU309k9mBC768=",
        "owner": "nix-systems",
        "repo": "default",
        "rev": "da67096a3b9bf56a91d16901293e51ba5b49a27e",
        "type": "github"
      },
      "original": {
        "owner": "nix-systems",
        "repo": "default",
        "type": "github"
      }
    },
    "versatus-nix": {
      "inputs": {
        "fenix": [
          "fenix"
        ],
        "flake-utils": [
          "flake-utils"
        ],
        "nixpkgs": [
          "nixpkgs"
        ]
      },
      "locked": {
        "lastModified": 1721710791,
        "narHash": "sha256-KReNG+uahuCl3SKws55uBV3kH+Hwn21YHp+HWS1lcrM=",
        "owner": "versatus",
        "repo": "versatus.nix",
        "rev": "98148ac5803dd9d257ce2df90ccefe0834a07654",
        "type": "github"
      },
      "original": {
        "owner": "versatus",
        "repo": "versatus.nix",
        "type": "github"
      }
    }
  },
  "root": "root",
  "version": 7
}
