{
  "nodes": {
    "advisory-db": {
      "flake": false,
      "locked": {
        "lastModified": 1721582928,
        "narHash": "sha256-nlnB4V0pFo+hAZpyAixAOYWxhVNFyDHGazXnz7PhrEk=",
        "owner": "rustsec",
        "repo": "advisory-db",
        "rev": "c0b44f487d8d67d1c6cd369917eb684eff918b64",
        "type": "github"
      },
      "original": {
        "owner": "rustsec",
        "repo": "advisory-db",
        "type": "github"
      }
    },
    "crane": {
      "inputs": {
        "nixpkgs": [
          "nixpkgs"
        ]
      },
      "locked": {
        "lastModified": 1721322122,
        "narHash": "sha256-a0G1NvyXGzdwgu6e1HQpmK5R5yLsfxeBe07nNDyYd+g=",
        "owner": "ipetkov",
        "repo": "crane",
        "rev": "8a68b987c476a33e90f203f0927614a75c3f47ea",
        "type": "github"
      },
      "original": {
        "owner": "ipetkov",
        "repo": "crane",
        "type": "github"
      }
    },
    "crane_2": {
      "inputs": {
        "nixpkgs": [
          "versatus-nix",
          "nixpkgs"
        ]
      },
      "locked": {
        "lastModified": 1721322122,
        "narHash": "sha256-a0G1NvyXGzdwgu6e1HQpmK5R5yLsfxeBe07nNDyYd+g=",
        "owner": "ipetkov",
        "repo": "crane",
        "rev": "8a68b987c476a33e90f203f0927614a75c3f47ea",
        "type": "github"
      },
      "original": {
        "owner": "ipetkov",
        "repo": "crane",
        "type": "github"
      }
    },
    "fenix": {
      "inputs": {
        "nixpkgs": [
          "nixpkgs"
        ],
        "rust-analyzer-src": []
      },
      "locked": {
        "lastModified": 1721543262,
        "narHash": "sha256-6m2G2pGmFjPGeXDs0FqhDfdACCCcFN3XMWHEyTTyTXo=",
        "owner": "nix-community",
        "repo": "fenix",
        "rev": "a01667fc71674454dd9ec2669afc0b326a275796",
        "type": "github"
      },
      "original": {
        "owner": "nix-community",
        "repo": "fenix",
        "type": "github"
      }
    },
    "flake-utils": {
      "inputs": {
        "systems": "systems"
      },
      "locked": {
        "lastModified": 1710146030,
        "narHash": "sha256-SZ5L6eA7HJ/nmkzGG7/ISclqe6oZdOZTNoesiInkXPQ=",
        "owner": "numtide",
        "repo": "flake-utils",
        "rev": "b1d9ab70662946ef0850d488da1c9019f3a9752a",
        "type": "github"
      },
      "original": {
        "owner": "numtide",
        "repo": "flake-utils",
        "type": "github"
      }
    },
    "lasr": {
      "flake": false,
      "locked": {
        "lastModified": 1721333030,
        "narHash": "sha256-9ZOIw3JE8wPWo5+apNe0ks/iMBxTFYZ8bWBimsm8NTc=",
        "owner": "versatus",
        "repo": "lasr",
        "rev": "8be70184898dc0278fcd098992dd6aee6fb71c2d",
        "type": "github"
      },
      "original": {
        "owner": "versatus",
        "repo": "lasr",
        "type": "github"
      }
    },
    "nixpkgs": {
      "locked": {
        "lastModified": 1721559948,
        "narHash": "sha256-cFgdjyK/VBM3hB1RfFHXcI/VOCBVAv813s1upHKX7bI=",
        "owner": "NixOS",
        "repo": "nixpkgs",
        "rev": "c19d62ad2265b16e2199c5feb4650fe459ca1c46",
        "type": "github"
      },
      "original": {
        "owner": "NixOS",
        "ref": "nixpkgs-unstable",
        "repo": "nixpkgs",
        "type": "github"
      }
    },
    "root": {
      "inputs": {
        "advisory-db": "advisory-db",
        "crane": "crane",
        "fenix": "fenix",
        "flake-utils": "flake-utils",
        "nixpkgs": "nixpkgs",
        "versatus-nix": "versatus-nix"
      }
    },
    "systems": {
      "locked": {
        "lastModified": 1681028828,
        "narHash": "sha256-Vy1rq5AaRuLzOxct8nz4T6wlgyUR7zLU309k9mBC768=",
        "owner": "nix-systems",
        "repo": "default",
        "rev": "da67096a3b9bf56a91d16901293e51ba5b49a27e",
        "type": "github"
      },
      "original": {
        "owner": "nix-systems",
        "repo": "default",
        "type": "github"
      }
    },
    "versatus": {
      "flake": false,
      "locked": {
        "lastModified": 1717000637,
        "narHash": "sha256-oCKOYZPSGT+Hbp/IoyzeEzPwBkogkYIJA+Eu8IXhGMY=",
        "owner": "versatus",
        "repo": "versatus",
        "rev": "217a0e73fa9284286e1482d50c2af260ada4f51c",
        "type": "github"
      },
      "original": {
        "owner": "versatus",
        "repo": "versatus",
        "type": "github"
      }
    },
    "versatus-nix": {
      "inputs": {
        "crane": "crane_2",
        "fenix": [
          "fenix"
        ],
        "flake-utils": [
          "flake-utils"
        ],
        "lasr": "lasr",
        "nixpkgs": [
          "nixpkgs"
        ],
        "versatus": "versatus"
      },
      "locked": {
        "lastModified": 1721604062,
        "narHash": "sha256-RoXYpqqqypUM6UgjU/E8IgnXkL4x2/28AL2N+yiXPDw=",
        "owner": "versatus",
        "repo": "versatus.nix",
        "rev": "300aa128f1cfa19c493966e481dd839891fade33",
        "type": "github"
      },
      "original": {
        "owner": "versatus",
        "repo": "versatus.nix",
        "type": "github"
      }
    }
  },
  "root": "root",
  "version": 7
}
